// !$*UTF8*$!
{
	archiveVersion = 1;
	classes = {
	};
	objectVersion = 54;
	objects = {

/* Begin PBXBuildFile section */
		3E001A3927CC1B4A002DC980 /* SKProduct-LocalizedPrice.swift in Sources */ = {isa = PBXBuildFile; fileRef = 3E001A3827CC1B4A002DC980 /* SKProduct-LocalizedPrice.swift */; };
		3E001A3B27CC1CCC002DC980 /* PurchaseButton.swift in Sources */ = {isa = PBXBuildFile; fileRef = 3E001A3A27CC1CCC002DC980 /* PurchaseButton.swift */; };
		3E001A3D27CC1EEE002DC980 /* ProductView.swift in Sources */ = {isa = PBXBuildFile; fileRef = 3E001A3C27CC1EEE002DC980 /* ProductView.swift */; };
		3E001A3F27CC25C6002DC980 /* UnlockView.swift in Sources */ = {isa = PBXBuildFile; fileRef = 3E001A3E27CC25C6002DC980 /* UnlockView.swift */; };
		3E365641256B689F00E79B8D /* SelectSomethingView.swift in Sources */ = {isa = PBXBuildFile; fileRef = 3E365640256B689F00E79B8D /* SelectSomethingView.swift */; };
		3E389BBB2551F1B9009401EE /* UltimatePortfolioApp.swift in Sources */ = {isa = PBXBuildFile; fileRef = 3E389BBA2551F1B9009401EE /* UltimatePortfolioApp.swift */; };
		3E389BBD2551F1B9009401EE /* ContentView.swift in Sources */ = {isa = PBXBuildFile; fileRef = 3E389BBC2551F1B9009401EE /* ContentView.swift */; };
		3E389BBF2551F1BB009401EE /* Assets.xcassets in Resources */ = {isa = PBXBuildFile; fileRef = 3E389BBE2551F1BB009401EE /* Assets.xcassets */; };
		3E389BCC2551F914009401EE /* Main.xcdatamodeld in Sources */ = {isa = PBXBuildFile; fileRef = 3E389BCA2551F914009401EE /* Main.xcdatamodeld */; };
		3E389BCF2551FC5D009401EE /* DataController.swift in Sources */ = {isa = PBXBuildFile; fileRef = 3E389BCE2551FC5D009401EE /* DataController.swift */; };
		3E389BD52552064C009401EE /* CloudKit.framework in Frameworks */ = {isa = PBXBuildFile; fileRef = 3E389BD42552064C009401EE /* CloudKit.framework */; };
		3E389BD725521309009401EE /* HomeView.swift in Sources */ = {isa = PBXBuildFile; fileRef = 3E389BD625521309009401EE /* HomeView.swift */; };
		3E389BDB25521415009401EE /* ProjectView.swift in Sources */ = {isa = PBXBuildFile; fileRef = 3E389BDA25521415009401EE /* ProjectView.swift */; };
		3E4102B525CD1CF600D2C517 /* ExtensionTests.swift in Sources */ = {isa = PBXBuildFile; fileRef = 3E4102B425CD1CF600D2C517 /* ExtensionTests.swift */; };
		3E4102BA25CD214B00D2C517 /* DecodableDictionary.json in Resources */ = {isa = PBXBuildFile; fileRef = 3E4102B925CD214B00D2C517 /* DecodableDictionary.json */; };
		3E4102C025CD21D400D2C517 /* DecodableString.json in Resources */ = {isa = PBXBuildFile; fileRef = 3E4102BF25CD21D400D2C517 /* DecodableString.json */; };
		3E4A157226055794002B75AA /* ProjectsViewModel.swift in Sources */ = {isa = PBXBuildFile; fileRef = 3E4A157126055794002B75AA /* ProjectsViewModel.swift */; };
		3E4FB8EF25B7AB3400A663A4 /* UltimatePortfolioTests.swift in Sources */ = {isa = PBXBuildFile; fileRef = 3E4FB8EE25B7AB3400A663A4 /* UltimatePortfolioTests.swift */; };
		3E4FB8F925B7AF3900A663A4 /* AssetTests.swift in Sources */ = {isa = PBXBuildFile; fileRef = 3E4FB8F825B7AF3900A663A4 /* AssetTests.swift */; };
		3E58FD78258FCB76006142A6 /* ItemListView.swift in Sources */ = {isa = PBXBuildFile; fileRef = 3E58FD77258FCB76006142A6 /* ItemListView.swift */; };
		3E58FD7E258FD5FF006142A6 /* ProjectSummaryView.swift in Sources */ = {isa = PBXBuildFile; fileRef = 3E58FD7D258FD5FF006142A6 /* ProjectSummaryView.swift */; };
		3E59DD8C280152500096CE70 /* Colors.xcassets in Resources */ = {isa = PBXBuildFile; fileRef = 3EB4FD7B255A104C00B0D019 /* Colors.xcassets */; };
		3E59DD8D280152650096CE70 /* Project-CoreDataHelpers.swift in Sources */ = {isa = PBXBuildFile; fileRef = 3EE424EE2555158D00C62833 /* Project-CoreDataHelpers.swift */; };
		3E59DD8E2801526F0096CE70 /* Sequence-Sorting.swift in Sources */ = {isa = PBXBuildFile; fileRef = 3E7DC2662565CBB200E6F50A /* Sequence-Sorting.swift */; };
		3E59DD90280161100096CE70 /* DataProvider.swift in Sources */ = {isa = PBXBuildFile; fileRef = 3E59DD8F280161100096CE70 /* DataProvider.swift */; };
		3E59DD92280161600096CE70 /* SimpleWidget.swift in Sources */ = {isa = PBXBuildFile; fileRef = 3E59DD91280161600096CE70 /* SimpleWidget.swift */; };
		3E59DD94280162D90096CE70 /* ComplexWidget.swift in Sources */ = {isa = PBXBuildFile; fileRef = 3E59DD93280162D90096CE70 /* ComplexWidget.swift */; };
		3E6C3F0A2561F7D50074CA1C /* EditProjectView.swift in Sources */ = {isa = PBXBuildFile; fileRef = 3E6C3F092561F7D50074CA1C /* EditProjectView.swift */; };
		3E6D0AE82856D0AA00E8239B /* CloudError.swift in Sources */ = {isa = PBXBuildFile; fileRef = 3E6D0AE72856D0AA00E8239B /* CloudError.swift */; };
		3E7DC2672565CBB200E6F50A /* Sequence-Sorting.swift in Sources */ = {isa = PBXBuildFile; fileRef = 3E7DC2662565CBB200E6F50A /* Sequence-Sorting.swift */; };
		3E86F6B427D5713E00210605 /* AppDelegate.swift in Sources */ = {isa = PBXBuildFile; fileRef = 3E86F6B327D5713E00210605 /* AppDelegate.swift */; };
		3E86F6B627D5715300210605 /* SceneDelegate.swift in Sources */ = {isa = PBXBuildFile; fileRef = 3E86F6B527D5715300210605 /* SceneDelegate.swift */; };
		3E88677725DCE56A003A4828 /* PerformanceTests.swift in Sources */ = {isa = PBXBuildFile; fileRef = 3E88677625DCE56A003A4828 /* PerformanceTests.swift */; };
		3E8D09F925C785EE00089FCC /* DevelopmentTests.swift in Sources */ = {isa = PBXBuildFile; fileRef = 3E8D09F825C785EE00089FCC /* DevelopmentTests.swift */; };
		3E92D52C256C5ED3004585D4 /* Bundle-Decodable.swift in Sources */ = {isa = PBXBuildFile; fileRef = 3E92D52B256C5ED3004585D4 /* Bundle-Decodable.swift */; };
		3E92D532256C68D2004585D4 /* Award.swift in Sources */ = {isa = PBXBuildFile; fileRef = 3E92D531256C68D2004585D4 /* Award.swift */; };
		3E92D535256C6AE5004585D4 /* AwardsView.swift in Sources */ = {isa = PBXBuildFile; fileRef = 3E92D534256C6AE5004585D4 /* AwardsView.swift */; };
		3E966A6F25783DFD001478CF /* Localizable.strings in Resources */ = {isa = PBXBuildFile; fileRef = 3E966A7125783DFD001478CF /* Localizable.strings */; };
		3E966A7325783F05001478CF /* Localizable.stringsdict in Resources */ = {isa = PBXBuildFile; fileRef = 3E966A7525783F05001478CF /* Localizable.stringsdict */; };
		3E966A7925783FFC001478CF /* Awards.json in Resources */ = {isa = PBXBuildFile; fileRef = 3E966A7B25783FFC001478CF /* Awards.json */; };
		3E97959F25F7150600DD03BF /* UltimatePortfolioUITests.swift in Sources */ = {isa = PBXBuildFile; fileRef = 3E97959E25F7150600DD03BF /* UltimatePortfolioUITests.swift */; };
		3EABF1F027C07EB20088ED79 /* UnlockManager.swift in Sources */ = {isa = PBXBuildFile; fileRef = 3EABF1EF27C07EB10088ED79 /* UnlockManager.swift */; };
		3EB4FD6C2559E58600B0D019 /* EditItemView.swift in Sources */ = {isa = PBXBuildFile; fileRef = 3EB4FD6B2559E58600B0D019 /* EditItemView.swift */; };
		3EB4FD6F2559F66800B0D019 /* ItemRowView.swift in Sources */ = {isa = PBXBuildFile; fileRef = 3EB4FD6E2559F66800B0D019 /* ItemRowView.swift */; };
		3EB4FD762559FDA600B0D019 /* Binding-OnChange.swift in Sources */ = {isa = PBXBuildFile; fileRef = 3EB4FD752559FDA600B0D019 /* Binding-OnChange.swift */; };
		3EB4FD79255A0E0500B0D019 /* ProjectHeaderView.swift in Sources */ = {isa = PBXBuildFile; fileRef = 3EB4FD78255A0E0500B0D019 /* ProjectHeaderView.swift */; };
		3EB4FD7C255A104C00B0D019 /* Colors.xcassets in Resources */ = {isa = PBXBuildFile; fileRef = 3EB4FD7B255A104C00B0D019 /* Colors.xcassets */; };
		3EC967F425C60F4D00F1C7D7 /* ProjectTests.swift in Sources */ = {isa = PBXBuildFile; fileRef = 3EC967F325C60F4D00F1C7D7 /* ProjectTests.swift */; };
		3EC967F825C6451800F1C7D7 /* AwardTests.swift in Sources */ = {isa = PBXBuildFile; fileRef = 3EC967F725C6451800F1C7D7 /* AwardTests.swift */; };
		3ECC0E55256CAB1700B757ED /* Color_Additions.swift in Sources */ = {isa = PBXBuildFile; fileRef = 3ECC0E54256CAB1700B757ED /* Color_Additions.swift */; };
		3ED05D3A27ABA192002A6876 /* HomeViewModel.swift in Sources */ = {isa = PBXBuildFile; fileRef = 3ED05D3927ABA192002A6876 /* HomeViewModel.swift */; };
		3ED05D3C27ABA251002A6876 /* ItemRowViewModel.swift in Sources */ = {isa = PBXBuildFile; fileRef = 3ED05D3B27ABA251002A6876 /* ItemRowViewModel.swift */; };
		3EE2AB3227EEE83E0011D487 /* WidgetKit.framework in Frameworks */ = {isa = PBXBuildFile; fileRef = 3EE2AB3127EEE83E0011D487 /* WidgetKit.framework */; };
		3EE2AB3427EEE83E0011D487 /* SwiftUI.framework in Frameworks */ = {isa = PBXBuildFile; fileRef = 3EE2AB3327EEE83E0011D487 /* SwiftUI.framework */; };
		3EE2AB3727EEE83E0011D487 /* SimplePortfolioWidget.swift in Sources */ = {isa = PBXBuildFile; fileRef = 3EE2AB3627EEE83E0011D487 /* SimplePortfolioWidget.swift */; };
		3EE2AB3927EEE8400011D487 /* Assets.xcassets in Resources */ = {isa = PBXBuildFile; fileRef = 3EE2AB3827EEE8400011D487 /* Assets.xcassets */; };
		3EE2AB3D27EEE8400011D487 /* PortfolioWidgetExtension.appex in Embed App Extensions */ = {isa = PBXBuildFile; fileRef = 3EE2AB3027EEE83E0011D487 /* PortfolioWidgetExtension.appex */; settings = {ATTRIBUTES = (RemoveHeadersOnCopy, ); }; };
		3EE2AB4227EEE9550011D487 /* Main.xcdatamodeld in Sources */ = {isa = PBXBuildFile; fileRef = 3E389BCA2551F914009401EE /* Main.xcdatamodeld */; };
		3EE2AB4627EEEB1B0011D487 /* DataController-Reminders.swift in Sources */ = {isa = PBXBuildFile; fileRef = 3EE2AB4527EEEB1B0011D487 /* DataController-Reminders.swift */; };
		3EE2AB4A27EEEE080011D487 /* DataController-Awards.swift in Sources */ = {isa = PBXBuildFile; fileRef = 3EE2AB4927EEEE080011D487 /* DataController-Awards.swift */; };
		3EE2AB4D27EEF1E30011D487 /* DataController.swift in Sources */ = {isa = PBXBuildFile; fileRef = 3E389BCE2551FC5D009401EE /* DataController.swift */; };
		3EE2AB4F27EEF2550011D487 /* DataController-StoreKit.swift in Sources */ = {isa = PBXBuildFile; fileRef = 3EE2AB4E27EEF2550011D487 /* DataController-StoreKit.swift */; };
		3EE2AB5027EEF3790011D487 /* Item-CoreDataHelpers.swift in Sources */ = {isa = PBXBuildFile; fileRef = 3EE424EB255513F500C62833 /* Item-CoreDataHelpers.swift */; };
		3EE424EC255513F500C62833 /* Item-CoreDataHelpers.swift in Sources */ = {isa = PBXBuildFile; fileRef = 3EE424EB255513F500C62833 /* Item-CoreDataHelpers.swift */; };
		3EE424EF2555158D00C62833 /* Project-CoreDataHelpers.swift in Sources */ = {isa = PBXBuildFile; fileRef = 3EE424EE2555158D00C62833 /* Project-CoreDataHelpers.swift */; };
		3EE4B579283871400099AC5B /* ChatMessage.swift in Sources */ = {isa = PBXBuildFile; fileRef = 3EE4B578283871400099AC5B /* ChatMessage.swift */; };
		3EEA883228308832004000B0 /* SignInView.swift in Sources */ = {isa = PBXBuildFile; fileRef = 3EEA883128308832004000B0 /* SignInView.swift */; };
		3EEE1C382827516B00E99DE9 /* SharedProject.swift in Sources */ = {isa = PBXBuildFile; fileRef = 3EEE1C372827516B00E99DE9 /* SharedProject.swift */; };
		3EEE1C3A2827521000E99DE9 /* SharedItem.swift in Sources */ = {isa = PBXBuildFile; fileRef = 3EEE1C392827521000E99DE9 /* SharedItem.swift */; };
		3EEE1C3C282752DB00E99DE9 /* LoadStates.swift in Sources */ = {isa = PBXBuildFile; fileRef = 3EEE1C3B282752DB00E99DE9 /* LoadStates.swift */; };
		3EEE1C3F2827539900E99DE9 /* SharedProjectsView.swift in Sources */ = {isa = PBXBuildFile; fileRef = 3EEE1C3E2827539900E99DE9 /* SharedProjectsView.swift */; };
		3EEE1C41282764C800E99DE9 /* SharedItemsView.swift in Sources */ = {isa = PBXBuildFile; fileRef = 3EEE1C40282764C800E99DE9 /* SharedItemsView.swift */; };
/* End PBXBuildFile section */

/* Begin PBXContainerItemProxy section */
		3E4FB8F125B7AB3400A663A4 /* PBXContainerItemProxy */ = {
			isa = PBXContainerItemProxy;
			containerPortal = 3E389BAF2551F1B9009401EE /* Project object */;
			proxyType = 1;
			remoteGlobalIDString = 3E389BB62551F1B9009401EE;
			remoteInfo = UltimatePortfolio;
		};
		3E9795A125F7150600DD03BF /* PBXContainerItemProxy */ = {
			isa = PBXContainerItemProxy;
			containerPortal = 3E389BAF2551F1B9009401EE /* Project object */;
			proxyType = 1;
			remoteGlobalIDString = 3E389BB62551F1B9009401EE;
			remoteInfo = UltimatePortfolio;
		};
		3EE2AB3B27EEE8400011D487 /* PBXContainerItemProxy */ = {
			isa = PBXContainerItemProxy;
			containerPortal = 3E389BAF2551F1B9009401EE /* Project object */;
			proxyType = 1;
			remoteGlobalIDString = 3EE2AB2F27EEE83E0011D487;
			remoteInfo = PortfolioWidgetExtension;
		};
/* End PBXContainerItemProxy section */

/* Begin PBXCopyFilesBuildPhase section */
		3EE2AB3E27EEE8400011D487 /* Embed App Extensions */ = {
			isa = PBXCopyFilesBuildPhase;
			buildActionMask = 2147483647;
			dstPath = "";
			dstSubfolderSpec = 13;
			files = (
				3EE2AB3D27EEE8400011D487 /* PortfolioWidgetExtension.appex in Embed App Extensions */,
			);
			name = "Embed App Extensions";
			runOnlyForDeploymentPostprocessing = 0;
		};
/* End PBXCopyFilesBuildPhase section */

/* Begin PBXFileReference section */
		3E001A3827CC1B4A002DC980 /* SKProduct-LocalizedPrice.swift */ = {isa = PBXFileReference; lastKnownFileType = sourcecode.swift; path = "SKProduct-LocalizedPrice.swift"; sourceTree = "<group>"; };
		3E001A3A27CC1CCC002DC980 /* PurchaseButton.swift */ = {isa = PBXFileReference; lastKnownFileType = sourcecode.swift; path = PurchaseButton.swift; sourceTree = "<group>"; };
		3E001A3C27CC1EEE002DC980 /* ProductView.swift */ = {isa = PBXFileReference; lastKnownFileType = sourcecode.swift; path = ProductView.swift; sourceTree = "<group>"; };
		3E001A3E27CC25C6002DC980 /* UnlockView.swift */ = {isa = PBXFileReference; lastKnownFileType = sourcecode.swift; path = UnlockView.swift; sourceTree = "<group>"; };
		3E365640256B689F00E79B8D /* SelectSomethingView.swift */ = {isa = PBXFileReference; lastKnownFileType = sourcecode.swift; path = SelectSomethingView.swift; sourceTree = "<group>"; };
		3E389BB72551F1B9009401EE /* UltimatePortfolio.app */ = {isa = PBXFileReference; explicitFileType = wrapper.application; includeInIndex = 0; path = UltimatePortfolio.app; sourceTree = BUILT_PRODUCTS_DIR; };
		3E389BBA2551F1B9009401EE /* UltimatePortfolioApp.swift */ = {isa = PBXFileReference; lastKnownFileType = sourcecode.swift; path = UltimatePortfolioApp.swift; sourceTree = "<group>"; };
		3E389BBC2551F1B9009401EE /* ContentView.swift */ = {isa = PBXFileReference; lastKnownFileType = sourcecode.swift; path = ContentView.swift; sourceTree = "<group>"; };
		3E389BBE2551F1BB009401EE /* Assets.xcassets */ = {isa = PBXFileReference; lastKnownFileType = folder.assetcatalog; path = Assets.xcassets; sourceTree = "<group>"; };
		3E389BC32551F1BB009401EE /* Info.plist */ = {isa = PBXFileReference; lastKnownFileType = text.plist.xml; path = Info.plist; sourceTree = "<group>"; };
		3E389BCB2551F914009401EE /* Main.xcdatamodel */ = {isa = PBXFileReference; lastKnownFileType = wrapper.xcdatamodel; path = Main.xcdatamodel; sourceTree = "<group>"; };
		3E389BCE2551FC5D009401EE /* DataController.swift */ = {isa = PBXFileReference; lastKnownFileType = sourcecode.swift; path = DataController.swift; sourceTree = "<group>"; };
		3E389BD125520618009401EE /* UltimatePortfolio.entitlements */ = {isa = PBXFileReference; lastKnownFileType = text.plist.entitlements; path = UltimatePortfolio.entitlements; sourceTree = "<group>"; };
		3E389BD42552064C009401EE /* CloudKit.framework */ = {isa = PBXFileReference; lastKnownFileType = wrapper.framework; name = CloudKit.framework; path = System/Library/Frameworks/CloudKit.framework; sourceTree = SDKROOT; };
		3E389BD625521309009401EE /* HomeView.swift */ = {isa = PBXFileReference; lastKnownFileType = sourcecode.swift; path = HomeView.swift; sourceTree = "<group>"; };
		3E389BDA25521415009401EE /* ProjectView.swift */ = {isa = PBXFileReference; lastKnownFileType = sourcecode.swift; path = ProjectView.swift; sourceTree = "<group>"; };
		3E4102B425CD1CF600D2C517 /* ExtensionTests.swift */ = {isa = PBXFileReference; lastKnownFileType = sourcecode.swift; path = ExtensionTests.swift; sourceTree = "<group>"; };
		3E4102B925CD214B00D2C517 /* DecodableDictionary.json */ = {isa = PBXFileReference; lastKnownFileType = text.json; path = DecodableDictionary.json; sourceTree = "<group>"; };
		3E4102BF25CD21D400D2C517 /* DecodableString.json */ = {isa = PBXFileReference; lastKnownFileType = text.json; path = DecodableString.json; sourceTree = "<group>"; };
		3E4A157126055794002B75AA /* ProjectsViewModel.swift */ = {isa = PBXFileReference; lastKnownFileType = sourcecode.swift; path = ProjectsViewModel.swift; sourceTree = "<group>"; };
		3E4FB8EC25B7AB3400A663A4 /* UltimatePortfolioTests.xctest */ = {isa = PBXFileReference; explicitFileType = wrapper.cfbundle; includeInIndex = 0; path = UltimatePortfolioTests.xctest; sourceTree = BUILT_PRODUCTS_DIR; };
		3E4FB8EE25B7AB3400A663A4 /* UltimatePortfolioTests.swift */ = {isa = PBXFileReference; lastKnownFileType = sourcecode.swift; path = UltimatePortfolioTests.swift; sourceTree = "<group>"; };
		3E4FB8F025B7AB3400A663A4 /* Info.plist */ = {isa = PBXFileReference; lastKnownFileType = text.plist.xml; path = Info.plist; sourceTree = "<group>"; };
		3E4FB8F825B7AF3900A663A4 /* AssetTests.swift */ = {isa = PBXFileReference; lastKnownFileType = sourcecode.swift; path = AssetTests.swift; sourceTree = "<group>"; };
		3E58FD77258FCB76006142A6 /* ItemListView.swift */ = {isa = PBXFileReference; lastKnownFileType = sourcecode.swift; path = ItemListView.swift; sourceTree = "<group>"; };
		3E58FD7D258FD5FF006142A6 /* ProjectSummaryView.swift */ = {isa = PBXFileReference; lastKnownFileType = sourcecode.swift; path = ProjectSummaryView.swift; sourceTree = "<group>"; };
		3E59DD8F280161100096CE70 /* DataProvider.swift */ = {isa = PBXFileReference; lastKnownFileType = sourcecode.swift; path = DataProvider.swift; sourceTree = "<group>"; };
		3E59DD91280161600096CE70 /* SimpleWidget.swift */ = {isa = PBXFileReference; lastKnownFileType = sourcecode.swift; path = SimpleWidget.swift; sourceTree = "<group>"; };
		3E59DD93280162D90096CE70 /* ComplexWidget.swift */ = {isa = PBXFileReference; lastKnownFileType = sourcecode.swift; path = ComplexWidget.swift; sourceTree = "<group>"; };
		3E6C3F092561F7D50074CA1C /* EditProjectView.swift */ = {isa = PBXFileReference; lastKnownFileType = sourcecode.swift; path = EditProjectView.swift; sourceTree = "<group>"; };
		3E6D0AE72856D0AA00E8239B /* CloudError.swift */ = {isa = PBXFileReference; lastKnownFileType = sourcecode.swift; path = CloudError.swift; sourceTree = "<group>"; };
		3E7DC2662565CBB200E6F50A /* Sequence-Sorting.swift */ = {isa = PBXFileReference; lastKnownFileType = sourcecode.swift; path = "Sequence-Sorting.swift"; sourceTree = "<group>"; };
		3E86F6B327D5713E00210605 /* AppDelegate.swift */ = {isa = PBXFileReference; lastKnownFileType = sourcecode.swift; name = AppDelegate.swift; path = ../../../../../AppDelegate.swift; sourceTree = "<group>"; };
		3E86F6B527D5715300210605 /* SceneDelegate.swift */ = {isa = PBXFileReference; lastKnownFileType = sourcecode.swift; path = SceneDelegate.swift; sourceTree = "<group>"; };
		3E88677625DCE56A003A4828 /* PerformanceTests.swift */ = {isa = PBXFileReference; lastKnownFileType = sourcecode.swift; path = PerformanceTests.swift; sourceTree = "<group>"; };
		3E8D09F825C785EE00089FCC /* DevelopmentTests.swift */ = {isa = PBXFileReference; lastKnownFileType = sourcecode.swift; path = DevelopmentTests.swift; sourceTree = SOURCE_ROOT; };
		3E92D52B256C5ED3004585D4 /* Bundle-Decodable.swift */ = {isa = PBXFileReference; lastKnownFileType = sourcecode.swift; path = "Bundle-Decodable.swift"; sourceTree = "<group>"; };
		3E92D531256C68D2004585D4 /* Award.swift */ = {isa = PBXFileReference; lastKnownFileType = sourcecode.swift; path = Award.swift; sourceTree = "<group>"; };
		3E92D534256C6AE5004585D4 /* AwardsView.swift */ = {isa = PBXFileReference; lastKnownFileType = sourcecode.swift; path = AwardsView.swift; sourceTree = "<group>"; };
		3E966A7025783DFD001478CF /* en */ = {isa = PBXFileReference; lastKnownFileType = text.plist.strings; name = en; path = en.lproj/Localizable.strings; sourceTree = "<group>"; };
		3E966A7225783E2C001478CF /* hu */ = {isa = PBXFileReference; lastKnownFileType = text.plist.strings; name = hu; path = hu.lproj/Localizable.strings; sourceTree = "<group>"; };
		3E966A7425783F05001478CF /* en */ = {isa = PBXFileReference; lastKnownFileType = text.plist.stringsdict; name = en; path = en.lproj/Localizable.stringsdict; sourceTree = "<group>"; };
		3E966A7725783F09001478CF /* hu */ = {isa = PBXFileReference; lastKnownFileType = text.plist.stringsdict; name = hu; path = hu.lproj/Localizable.stringsdict; sourceTree = "<group>"; };
		3E966A7A25783FFC001478CF /* en */ = {isa = PBXFileReference; lastKnownFileType = text.json; name = en; path = en.lproj/Awards.json; sourceTree = "<group>"; };
		3E966A7D25784001001478CF /* hu */ = {isa = PBXFileReference; lastKnownFileType = text.json; name = hu; path = hu.lproj/Awards.json; sourceTree = "<group>"; };
		3E97959C25F7150600DD03BF /* UltimatePortfolioUITests.xctest */ = {isa = PBXFileReference; explicitFileType = wrapper.cfbundle; includeInIndex = 0; path = UltimatePortfolioUITests.xctest; sourceTree = BUILT_PRODUCTS_DIR; };
		3E97959E25F7150600DD03BF /* UltimatePortfolioUITests.swift */ = {isa = PBXFileReference; lastKnownFileType = sourcecode.swift; path = UltimatePortfolioUITests.swift; sourceTree = "<group>"; };
		3E9795A025F7150600DD03BF /* Info.plist */ = {isa = PBXFileReference; lastKnownFileType = text.plist.xml; path = Info.plist; sourceTree = "<group>"; };
		3EABF1EF27C07EB10088ED79 /* UnlockManager.swift */ = {isa = PBXFileReference; lastKnownFileType = sourcecode.swift; path = UnlockManager.swift; sourceTree = "<group>"; };
		3EABF1F127C081970088ED79 /* Configuration.storekit */ = {isa = PBXFileReference; lastKnownFileType = text; path = Configuration.storekit; sourceTree = "<group>"; };
		3EB4FD6B2559E58600B0D019 /* EditItemView.swift */ = {isa = PBXFileReference; lastKnownFileType = sourcecode.swift; path = EditItemView.swift; sourceTree = "<group>"; };
		3EB4FD6E2559F66800B0D019 /* ItemRowView.swift */ = {isa = PBXFileReference; lastKnownFileType = sourcecode.swift; path = ItemRowView.swift; sourceTree = "<group>"; };
		3EB4FD752559FDA600B0D019 /* Binding-OnChange.swift */ = {isa = PBXFileReference; lastKnownFileType = sourcecode.swift; path = "Binding-OnChange.swift"; sourceTree = "<group>"; };
		3EB4FD78255A0E0500B0D019 /* ProjectHeaderView.swift */ = {isa = PBXFileReference; lastKnownFileType = sourcecode.swift; path = ProjectHeaderView.swift; sourceTree = "<group>"; };
		3EB4FD7B255A104C00B0D019 /* Colors.xcassets */ = {isa = PBXFileReference; lastKnownFileType = folder.assetcatalog; path = Colors.xcassets; sourceTree = "<group>"; };
		3EC967F325C60F4D00F1C7D7 /* ProjectTests.swift */ = {isa = PBXFileReference; lastKnownFileType = sourcecode.swift; path = ProjectTests.swift; sourceTree = "<group>"; };
		3EC967F725C6451800F1C7D7 /* AwardTests.swift */ = {isa = PBXFileReference; lastKnownFileType = sourcecode.swift; path = AwardTests.swift; sourceTree = "<group>"; };
		3ECC0E54256CAB1700B757ED /* Color_Additions.swift */ = {isa = PBXFileReference; lastKnownFileType = sourcecode.swift; path = Color_Additions.swift; sourceTree = "<group>"; };
		3ED05D3927ABA192002A6876 /* HomeViewModel.swift */ = {isa = PBXFileReference; lastKnownFileType = sourcecode.swift; name = HomeViewModel.swift; path = ../../../../../../../HomeViewModel.swift; sourceTree = "<group>"; };
		3ED05D3B27ABA251002A6876 /* ItemRowViewModel.swift */ = {isa = PBXFileReference; lastKnownFileType = sourcecode.swift; path = ItemRowViewModel.swift; sourceTree = "<group>"; };
		3EE2AB3027EEE83E0011D487 /* PortfolioWidgetExtension.appex */ = {isa = PBXFileReference; explicitFileType = "wrapper.app-extension"; includeInIndex = 0; path = PortfolioWidgetExtension.appex; sourceTree = BUILT_PRODUCTS_DIR; };
		3EE2AB3127EEE83E0011D487 /* WidgetKit.framework */ = {isa = PBXFileReference; lastKnownFileType = wrapper.framework; name = WidgetKit.framework; path = System/Library/Frameworks/WidgetKit.framework; sourceTree = SDKROOT; };
		3EE2AB3327EEE83E0011D487 /* SwiftUI.framework */ = {isa = PBXFileReference; lastKnownFileType = wrapper.framework; name = SwiftUI.framework; path = System/Library/Frameworks/SwiftUI.framework; sourceTree = SDKROOT; };
		3EE2AB3627EEE83E0011D487 /* SimplePortfolioWidget.swift */ = {isa = PBXFileReference; lastKnownFileType = sourcecode.swift; path = SimplePortfolioWidget.swift; sourceTree = "<group>"; };
		3EE2AB3827EEE8400011D487 /* Assets.xcassets */ = {isa = PBXFileReference; lastKnownFileType = folder.assetcatalog; path = Assets.xcassets; sourceTree = "<group>"; };
		3EE2AB3A27EEE8400011D487 /* Info.plist */ = {isa = PBXFileReference; lastKnownFileType = text.plist.xml; path = Info.plist; sourceTree = "<group>"; };
		3EE2AB4527EEEB1B0011D487 /* DataController-Reminders.swift */ = {isa = PBXFileReference; lastKnownFileType = sourcecode.swift; path = "DataController-Reminders.swift"; sourceTree = "<group>"; };
		3EE2AB4927EEEE080011D487 /* DataController-Awards.swift */ = {isa = PBXFileReference; lastKnownFileType = sourcecode.swift; path = "DataController-Awards.swift"; sourceTree = "<group>"; };
		3EE2AB4E27EEF2550011D487 /* DataController-StoreKit.swift */ = {isa = PBXFileReference; lastKnownFileType = sourcecode.swift; path = "DataController-StoreKit.swift"; sourceTree = "<group>"; };
		3EE2AB5127EEF5200011D487 /* PortfolioWidgetExtension.entitlements */ = {isa = PBXFileReference; lastKnownFileType = text.plist.entitlements; path = PortfolioWidgetExtension.entitlements; sourceTree = "<group>"; };
		3EE424EB255513F500C62833 /* Item-CoreDataHelpers.swift */ = {isa = PBXFileReference; lastKnownFileType = sourcecode.swift; path = "Item-CoreDataHelpers.swift"; sourceTree = "<group>"; };
		3EE424EE2555158D00C62833 /* Project-CoreDataHelpers.swift */ = {isa = PBXFileReference; lastKnownFileType = sourcecode.swift; path = "Project-CoreDataHelpers.swift"; sourceTree = "<group>"; };
		3EE4B578283871400099AC5B /* ChatMessage.swift */ = {isa = PBXFileReference; lastKnownFileType = sourcecode.swift; path = ChatMessage.swift; sourceTree = "<group>"; };
		3EEA883128308832004000B0 /* SignInView.swift */ = {isa = PBXFileReference; lastKnownFileType = sourcecode.swift; path = SignInView.swift; sourceTree = "<group>"; };
		3EEE1C372827516B00E99DE9 /* SharedProject.swift */ = {isa = PBXFileReference; lastKnownFileType = sourcecode.swift; path = SharedProject.swift; sourceTree = "<group>"; };
		3EEE1C392827521000E99DE9 /* SharedItem.swift */ = {isa = PBXFileReference; lastKnownFileType = sourcecode.swift; path = SharedItem.swift; sourceTree = "<group>"; };
		3EEE1C3B282752DB00E99DE9 /* LoadStates.swift */ = {isa = PBXFileReference; lastKnownFileType = sourcecode.swift; path = LoadStates.swift; sourceTree = "<group>"; };
		3EEE1C3E2827539900E99DE9 /* SharedProjectsView.swift */ = {isa = PBXFileReference; lastKnownFileType = sourcecode.swift; path = SharedProjectsView.swift; sourceTree = "<group>"; };
		3EEE1C40282764C800E99DE9 /* SharedItemsView.swift */ = {isa = PBXFileReference; lastKnownFileType = sourcecode.swift; path = SharedItemsView.swift; sourceTree = "<group>"; };
/* End PBXFileReference section */

/* Begin PBXFrameworksBuildPhase section */
		3E389BB42551F1B9009401EE /* Frameworks */ = {
			isa = PBXFrameworksBuildPhase;
			buildActionMask = 2147483647;
			files = (
				3E389BD52552064C009401EE /* CloudKit.framework in Frameworks */,
			);
			runOnlyForDeploymentPostprocessing = 0;
		};
		3E4FB8E925B7AB3400A663A4 /* Frameworks */ = {
			isa = PBXFrameworksBuildPhase;
			buildActionMask = 2147483647;
			files = (
			);
			runOnlyForDeploymentPostprocessing = 0;
		};
		3E97959925F7150600DD03BF /* Frameworks */ = {
			isa = PBXFrameworksBuildPhase;
			buildActionMask = 2147483647;
			files = (
			);
			runOnlyForDeploymentPostprocessing = 0;
		};
		3EE2AB2D27EEE83E0011D487 /* Frameworks */ = {
			isa = PBXFrameworksBuildPhase;
			buildActionMask = 2147483647;
			files = (
				3EE2AB3427EEE83E0011D487 /* SwiftUI.framework in Frameworks */,
				3EE2AB3227EEE83E0011D487 /* WidgetKit.framework in Frameworks */,
			);
			runOnlyForDeploymentPostprocessing = 0;
		};
/* End PBXFrameworksBuildPhase section */

/* Begin PBXGroup section */
		3E001A4027CC3500002DC980 /* Unlock */ = {
			isa = PBXGroup;
			children = (
				3E001A3C27CC1EEE002DC980 /* ProductView.swift */,
				3E001A3A27CC1CCC002DC980 /* PurchaseButton.swift */,
				3EABF1EF27C07EB10088ED79 /* UnlockManager.swift */,
				3E001A3E27CC25C6002DC980 /* UnlockView.swift */,
			);
			path = Unlock;
			sourceTree = "<group>";
		};
		3E389BAE2551F1B9009401EE = {
			isa = PBXGroup;
			children = (
				3EE2AB5127EEF5200011D487 /* PortfolioWidgetExtension.entitlements */,
				3E389BB92551F1B9009401EE /* UltimatePortfolio */,
				3E4FB8ED25B7AB3400A663A4 /* UltimatePortfolioTests */,
				3E97959D25F7150600DD03BF /* UltimatePortfolioUITests */,
				3EE2AB3527EEE83E0011D487 /* PortfolioWidget */,
				3E389BB82551F1B9009401EE /* Products */,
				3E389BD32552064C009401EE /* Frameworks */,
			);
			sourceTree = "<group>";
		};
		3E389BB82551F1B9009401EE /* Products */ = {
			isa = PBXGroup;
			children = (
				3E389BB72551F1B9009401EE /* UltimatePortfolio.app */,
				3E4FB8EC25B7AB3400A663A4 /* UltimatePortfolioTests.xctest */,
				3E97959C25F7150600DD03BF /* UltimatePortfolioUITests.xctest */,
				3EE2AB3027EEE83E0011D487 /* PortfolioWidgetExtension.appex */,
			);
			name = Products;
			sourceTree = "<group>";
		};
		3E389BB92551F1B9009401EE /* UltimatePortfolio */ = {
			isa = PBXGroup;
			children = (
				3E389BBA2551F1B9009401EE /* UltimatePortfolioApp.swift */,
				3E86F6B327D5713E00210605 /* AppDelegate.swift */,
				3E86F6B527D5715300210605 /* SceneDelegate.swift */,
				3EA532DB25B7987200419A58 /* Activities */,
				3E001A4027CC3500002DC980 /* Unlock */,
				3EA532D725B7978C00419A58 /* Configuration */,
				3EA532D625B7972F00419A58 /* Localisation */,
				3EA532D525B7970100419A58 /* Extensions */,
				3EA532D425B796D000419A58 /* Controllers */,
				3EB4FD7B255A104C00B0D019 /* Colors.xcassets */,
				3E389BBE2551F1BB009401EE /* Assets.xcassets */,
				3E6D0AE72856D0AA00E8239B /* CloudError.swift */,
			);
			path = UltimatePortfolio;
			sourceTree = "<group>";
		};
		3E389BD32552064C009401EE /* Frameworks */ = {
			isa = PBXGroup;
			children = (
				3E389BD42552064C009401EE /* CloudKit.framework */,
				3EE2AB3127EEE83E0011D487 /* WidgetKit.framework */,
				3EE2AB3327EEE83E0011D487 /* SwiftUI.framework */,
			);
			name = Frameworks;
			sourceTree = "<group>";
		};
		3E4102B825CD210F00D2C517 /* Test Fixtures */ = {
			isa = PBXGroup;
			children = (
				3E4102B925CD214B00D2C517 /* DecodableDictionary.json */,
				3E4102BF25CD21D400D2C517 /* DecodableString.json */,
			);
			path = "Test Fixtures";
			sourceTree = "<group>";
		};
		3E4FB8ED25B7AB3400A663A4 /* UltimatePortfolioTests */ = {
			isa = PBXGroup;
			children = (
				3E4102B825CD210F00D2C517 /* Test Fixtures */,
				3E8D09F825C785EE00089FCC /* DevelopmentTests.swift */,
				3E4FB8EE25B7AB3400A663A4 /* UltimatePortfolioTests.swift */,
				3E4FB8F025B7AB3400A663A4 /* Info.plist */,
				3E4FB8F825B7AF3900A663A4 /* AssetTests.swift */,
				3EC967F325C60F4D00F1C7D7 /* ProjectTests.swift */,
				3EC967F725C6451800F1C7D7 /* AwardTests.swift */,
				3E4102B425CD1CF600D2C517 /* ExtensionTests.swift */,
				3E88677625DCE56A003A4828 /* PerformanceTests.swift */,
			);
			path = UltimatePortfolioTests;
			sourceTree = "<group>";
		};
		3E97959D25F7150600DD03BF /* UltimatePortfolioUITests */ = {
			isa = PBXGroup;
			children = (
				3E97959E25F7150600DD03BF /* UltimatePortfolioUITests.swift */,
				3E9795A025F7150600DD03BF /* Info.plist */,
			);
			path = UltimatePortfolioUITests;
			sourceTree = "<group>";
		};
		3EA532D425B796D000419A58 /* Controllers */ = {
			isa = PBXGroup;
			children = (
				3EABF1F127C081970088ED79 /* Configuration.storekit */,
				3E389BCE2551FC5D009401EE /* DataController.swift */,
				3EE2AB4927EEEE080011D487 /* DataController-Awards.swift */,
				3EE2AB4E27EEF2550011D487 /* DataController-StoreKit.swift */,
				3EE2AB4527EEEB1B0011D487 /* DataController-Reminders.swift */,
			);
			path = Controllers;
			sourceTree = "<group>";
		};
		3EA532D525B7970100419A58 /* Extensions */ = {
			isa = PBXGroup;
			children = (
				3EA532E025B799A600419A58 /* CoreData */,
				3E92D52B256C5ED3004585D4 /* Bundle-Decodable.swift */,
				3E7DC2662565CBB200E6F50A /* Sequence-Sorting.swift */,
				3EB4FD752559FDA600B0D019 /* Binding-OnChange.swift */,
				3ECC0E54256CAB1700B757ED /* Color_Additions.swift */,
				3E001A3827CC1B4A002DC980 /* SKProduct-LocalizedPrice.swift */,
			);
			path = Extensions;
			sourceTree = "<group>";
		};
		3EA532D625B7972F00419A58 /* Localisation */ = {
			isa = PBXGroup;
			children = (
				3E966A7525783F05001478CF /* Localizable.stringsdict */,
				3E966A7125783DFD001478CF /* Localizable.strings */,
			);
			path = Localisation;
			sourceTree = "<group>";
		};
		3EA532D725B7978C00419A58 /* Configuration */ = {
			isa = PBXGroup;
			children = (
				3E389BC32551F1BB009401EE /* Info.plist */,
				3E389BD125520618009401EE /* UltimatePortfolio.entitlements */,
				3E389BCA2551F914009401EE /* Main.xcdatamodeld */,
			);
			path = Configuration;
			sourceTree = "<group>";
		};
		3EA532DB25B7987200419A58 /* Activities */ = {
			isa = PBXGroup;
			children = (
				3E389BBC2551F1B9009401EE /* ContentView.swift */,
				3EA532DC25B7987F00419A58 /* Home */,
				3EA532DD25B7988900419A58 /* Projects */,
				3EA532DE25B7989100419A58 /* Awards */,
				3EEE1C3D2827532700E99DE9 /* Community */,
			);
			path = Activities;
			sourceTree = "<group>";
		};
		3EA532DC25B7987F00419A58 /* Home */ = {
			isa = PBXGroup;
			children = (
				3E389BD625521309009401EE /* HomeView.swift */,
				3ED05D3927ABA192002A6876 /* HomeViewModel.swift */,
				3E58FD77258FCB76006142A6 /* ItemListView.swift */,
				3E58FD7D258FD5FF006142A6 /* ProjectSummaryView.swift */,
			);
			path = Home;
			sourceTree = "<group>";
		};
		3EA532DD25B7988900419A58 /* Projects */ = {
			isa = PBXGroup;
			children = (
				3E389BDA25521415009401EE /* ProjectView.swift */,
				3E4A157126055794002B75AA /* ProjectsViewModel.swift */,
				3E365640256B689F00E79B8D /* SelectSomethingView.swift */,
				3EB4FD78255A0E0500B0D019 /* ProjectHeaderView.swift */,
				3EB4FD6E2559F66800B0D019 /* ItemRowView.swift */,
				3ED05D3B27ABA251002A6876 /* ItemRowViewModel.swift */,
				3E6C3F092561F7D50074CA1C /* EditProjectView.swift */,
				3EB4FD6B2559E58600B0D019 /* EditItemView.swift */,
			);
			path = Projects;
			sourceTree = "<group>";
		};
		3EA532DE25B7989100419A58 /* Awards */ = {
			isa = PBXGroup;
			children = (
				3E92D534256C6AE5004585D4 /* AwardsView.swift */,
				3E92D531256C68D2004585D4 /* Award.swift */,
				3E966A7B25783FFC001478CF /* Awards.json */,
			);
			path = Awards;
			sourceTree = "<group>";
		};
		3EA532E025B799A600419A58 /* CoreData */ = {
			isa = PBXGroup;
			children = (
				3EE424EE2555158D00C62833 /* Project-CoreDataHelpers.swift */,
				3EE424EB255513F500C62833 /* Item-CoreDataHelpers.swift */,
			);
			path = CoreData;
			sourceTree = "<group>";
		};
		3EE2AB3527EEE83E0011D487 /* PortfolioWidget */ = {
			isa = PBXGroup;
			children = (
				3EE2AB3627EEE83E0011D487 /* SimplePortfolioWidget.swift */,
				3E59DD91280161600096CE70 /* SimpleWidget.swift */,
				3E59DD93280162D90096CE70 /* ComplexWidget.swift */,
				3E59DD8F280161100096CE70 /* DataProvider.swift */,
				3EE2AB3827EEE8400011D487 /* Assets.xcassets */,
				3EE2AB3A27EEE8400011D487 /* Info.plist */,
			);
			path = PortfolioWidget;
			sourceTree = "<group>";
		};
		3EEE1C3D2827532700E99DE9 /* Community */ = {
			isa = PBXGroup;
			children = (
				3EEE1C3E2827539900E99DE9 /* SharedProjectsView.swift */,
				3EEA883128308832004000B0 /* SignInView.swift */,
				3EEE1C40282764C800E99DE9 /* SharedItemsView.swift */,
				3EEE1C372827516B00E99DE9 /* SharedProject.swift */,
				3EEE1C392827521000E99DE9 /* SharedItem.swift */,
				3EE4B578283871400099AC5B /* ChatMessage.swift */,
				3EEE1C3B282752DB00E99DE9 /* LoadStates.swift */,
			);
			path = Community;
			sourceTree = "<group>";
		};
/* End PBXGroup section */

/* Begin PBXNativeTarget section */
		3E389BB62551F1B9009401EE /* UltimatePortfolio */ = {
			isa = PBXNativeTarget;
			buildConfigurationList = 3E389BC62551F1BB009401EE /* Build configuration list for PBXNativeTarget "UltimatePortfolio" */;
			buildPhases = (
				3E389BB32551F1B9009401EE /* Sources */,
				3E389BB42551F1B9009401EE /* Frameworks */,
				3E389BB52551F1B9009401EE /* Resources */,
				3EDCF00C25B2354C00141666 /* SwiftLint */,
				3EE2AB3E27EEE8400011D487 /* Embed App Extensions */,
			);
			buildRules = (
			);
			dependencies = (
				3EE2AB3C27EEE8400011D487 /* PBXTargetDependency */,
			);
			name = UltimatePortfolio;
			productName = UltimatePortfolio;
			productReference = 3E389BB72551F1B9009401EE /* UltimatePortfolio.app */;
			productType = "com.apple.product-type.application";
		};
		3E4FB8EB25B7AB3400A663A4 /* UltimatePortfolioTests */ = {
			isa = PBXNativeTarget;
			buildConfigurationList = 3E4FB8F525B7AB3400A663A4 /* Build configuration list for PBXNativeTarget "UltimatePortfolioTests" */;
			buildPhases = (
				3E4FB8E825B7AB3400A663A4 /* Sources */,
				3E4FB8E925B7AB3400A663A4 /* Frameworks */,
				3E4FB8EA25B7AB3400A663A4 /* Resources */,
			);
			buildRules = (
			);
			dependencies = (
				3E4FB8F225B7AB3400A663A4 /* PBXTargetDependency */,
			);
			name = UltimatePortfolioTests;
			productName = UltimatePortfolioTests;
			productReference = 3E4FB8EC25B7AB3400A663A4 /* UltimatePortfolioTests.xctest */;
			productType = "com.apple.product-type.bundle.unit-test";
		};
		3E97959B25F7150600DD03BF /* UltimatePortfolioUITests */ = {
			isa = PBXNativeTarget;
			buildConfigurationList = 3E9795A525F7150600DD03BF /* Build configuration list for PBXNativeTarget "UltimatePortfolioUITests" */;
			buildPhases = (
				3E97959825F7150600DD03BF /* Sources */,
				3E97959925F7150600DD03BF /* Frameworks */,
				3E97959A25F7150600DD03BF /* Resources */,
			);
			buildRules = (
			);
			dependencies = (
				3E9795A225F7150600DD03BF /* PBXTargetDependency */,
			);
			name = UltimatePortfolioUITests;
			productName = UltimatePortfolioUITests;
			productReference = 3E97959C25F7150600DD03BF /* UltimatePortfolioUITests.xctest */;
			productType = "com.apple.product-type.bundle.ui-testing";
		};
		3EE2AB2F27EEE83E0011D487 /* PortfolioWidgetExtension */ = {
			isa = PBXNativeTarget;
			buildConfigurationList = 3EE2AB4127EEE8400011D487 /* Build configuration list for PBXNativeTarget "PortfolioWidgetExtension" */;
			buildPhases = (
				3EE2AB2C27EEE83E0011D487 /* Sources */,
				3EE2AB2D27EEE83E0011D487 /* Frameworks */,
				3EE2AB2E27EEE83E0011D487 /* Resources */,
			);
			buildRules = (
			);
			dependencies = (
			);
			name = PortfolioWidgetExtension;
			productName = PortfolioWidgetExtension;
			productReference = 3EE2AB3027EEE83E0011D487 /* PortfolioWidgetExtension.appex */;
			productType = "com.apple.product-type.app-extension";
		};
/* End PBXNativeTarget section */

/* Begin PBXProject section */
		3E389BAF2551F1B9009401EE /* Project object */ = {
			isa = PBXProject;
			attributes = {
				LastSwiftUpdateCheck = 1320;
				LastUpgradeCheck = 1230;
				TargetAttributes = {
					3E389BB62551F1B9009401EE = {
						CreatedOnToolsVersion = 12.1;
					};
					3E4FB8EB25B7AB3400A663A4 = {
						CreatedOnToolsVersion = 12.3;
						TestTargetID = 3E389BB62551F1B9009401EE;
					};
					3E97959B25F7150600DD03BF = {
						CreatedOnToolsVersion = 12.4;
						TestTargetID = 3E389BB62551F1B9009401EE;
					};
					3EE2AB2F27EEE83E0011D487 = {
						CreatedOnToolsVersion = 13.2.1;
					};
				};
			};
			buildConfigurationList = 3E389BB22551F1B9009401EE /* Build configuration list for PBXProject "UltimatePortfolio" */;
			compatibilityVersion = "Xcode 12.0";
			developmentRegion = en;
			hasScannedForEncodings = 0;
			knownRegions = (
				en,
				Base,
				hu,
			);
			mainGroup = 3E389BAE2551F1B9009401EE;
			productRefGroup = 3E389BB82551F1B9009401EE /* Products */;
			projectDirPath = "";
			projectRoot = "";
			targets = (
				3E389BB62551F1B9009401EE /* UltimatePortfolio */,
				3E4FB8EB25B7AB3400A663A4 /* UltimatePortfolioTests */,
				3E97959B25F7150600DD03BF /* UltimatePortfolioUITests */,
				3EE2AB2F27EEE83E0011D487 /* PortfolioWidgetExtension */,
			);
		};
/* End PBXProject section */

/* Begin PBXResourcesBuildPhase section */
		3E389BB52551F1B9009401EE /* Resources */ = {
			isa = PBXResourcesBuildPhase;
			buildActionMask = 2147483647;
			files = (
				3E966A6F25783DFD001478CF /* Localizable.strings in Resources */,
				3EB4FD7C255A104C00B0D019 /* Colors.xcassets in Resources */,
				3E966A7925783FFC001478CF /* Awards.json in Resources */,
				3E389BBF2551F1BB009401EE /* Assets.xcassets in Resources */,
				3E966A7325783F05001478CF /* Localizable.stringsdict in Resources */,
			);
			runOnlyForDeploymentPostprocessing = 0;
		};
		3E4FB8EA25B7AB3400A663A4 /* Resources */ = {
			isa = PBXResourcesBuildPhase;
			buildActionMask = 2147483647;
			files = (
				3E4102C025CD21D400D2C517 /* DecodableString.json in Resources */,
				3E4102BA25CD214B00D2C517 /* DecodableDictionary.json in Resources */,
			);
			runOnlyForDeploymentPostprocessing = 0;
		};
		3E97959A25F7150600DD03BF /* Resources */ = {
			isa = PBXResourcesBuildPhase;
			buildActionMask = 2147483647;
			files = (
			);
			runOnlyForDeploymentPostprocessing = 0;
		};
		3EE2AB2E27EEE83E0011D487 /* Resources */ = {
			isa = PBXResourcesBuildPhase;
			buildActionMask = 2147483647;
			files = (
				3EE2AB3927EEE8400011D487 /* Assets.xcassets in Resources */,
				3E59DD8C280152500096CE70 /* Colors.xcassets in Resources */,
			);
			runOnlyForDeploymentPostprocessing = 0;
		};
/* End PBXResourcesBuildPhase section */

/* Begin PBXShellScriptBuildPhase section */
		3EDCF00C25B2354C00141666 /* SwiftLint */ = {
			isa = PBXShellScriptBuildPhase;
			buildActionMask = 2147483647;
			files = (
			);
			inputFileListPaths = (
			);
			inputPaths = (
			);
			name = SwiftLint;
			outputFileListPaths = (
			);
			outputPaths = (
			);
			runOnlyForDeploymentPostprocessing = 0;
			shellPath = /bin/sh;
			shellScript = "# Type a script or drag a script file from your workspace to insert its path.\nif which swiftlint >/dev/null; then\n    swiftlint\nelse\n    echo \"warning: SwiftLint not installed, download from https://github.com/realm/SwiftLint\"\nfi\n";
		};
/* End PBXShellScriptBuildPhase section */

/* Begin PBXSourcesBuildPhase section */
		3E389BB32551F1B9009401EE /* Sources */ = {
			isa = PBXSourcesBuildPhase;
			buildActionMask = 2147483647;
			files = (
				3E389BDB25521415009401EE /* ProjectView.swift in Sources */,
				3E58FD7E258FD5FF006142A6 /* ProjectSummaryView.swift in Sources */,
				3E86F6B627D5715300210605 /* SceneDelegate.swift in Sources */,
				3EE2AB4A27EEEE080011D487 /* DataController-Awards.swift in Sources */,
				3E001A3B27CC1CCC002DC980 /* PurchaseButton.swift in Sources */,
				3EEE1C3A2827521000E99DE9 /* SharedItem.swift in Sources */,
				3EB4FD79255A0E0500B0D019 /* ProjectHeaderView.swift in Sources */,
				3E001A3D27CC1EEE002DC980 /* ProductView.swift in Sources */,
				3EEE1C3C282752DB00E99DE9 /* LoadStates.swift in Sources */,
				3EEE1C3F2827539900E99DE9 /* SharedProjectsView.swift in Sources */,
				3E92D535256C6AE5004585D4 /* AwardsView.swift in Sources */,
				3E389BCC2551F914009401EE /* Main.xcdatamodeld in Sources */,
				3ED05D3A27ABA192002A6876 /* HomeViewModel.swift in Sources */,
				3EABF1F027C07EB20088ED79 /* UnlockManager.swift in Sources */,
				3EEA883228308832004000B0 /* SignInView.swift in Sources */,
				3EE424EF2555158D00C62833 /* Project-CoreDataHelpers.swift in Sources */,
				3ECC0E55256CAB1700B757ED /* Color_Additions.swift in Sources */,
				3E6C3F0A2561F7D50074CA1C /* EditProjectView.swift in Sources */,
				3E6D0AE82856D0AA00E8239B /* CloudError.swift in Sources */,
				3EE2AB4627EEEB1B0011D487 /* DataController-Reminders.swift in Sources */,
				3EEE1C382827516B00E99DE9 /* SharedProject.swift in Sources */,
				3E389BCF2551FC5D009401EE /* DataController.swift in Sources */,
				3EEE1C41282764C800E99DE9 /* SharedItemsView.swift in Sources */,
				3E365641256B689F00E79B8D /* SelectSomethingView.swift in Sources */,
				3E92D532256C68D2004585D4 /* Award.swift in Sources */,
				3EB4FD6F2559F66800B0D019 /* ItemRowView.swift in Sources */,
				3E001A3F27CC25C6002DC980 /* UnlockView.swift in Sources */,
				3E389BBD2551F1B9009401EE /* ContentView.swift in Sources */,
				3E86F6B427D5713E00210605 /* AppDelegate.swift in Sources */,
				3EB4FD762559FDA600B0D019 /* Binding-OnChange.swift in Sources */,
				3EE2AB4F27EEF2550011D487 /* DataController-StoreKit.swift in Sources */,
				3E7DC2672565CBB200E6F50A /* Sequence-Sorting.swift in Sources */,
				3E92D52C256C5ED3004585D4 /* Bundle-Decodable.swift in Sources */,
				3E58FD78258FCB76006142A6 /* ItemListView.swift in Sources */,
				3E389BD725521309009401EE /* HomeView.swift in Sources */,
				3E389BBB2551F1B9009401EE /* UltimatePortfolioApp.swift in Sources */,
				3ED05D3C27ABA251002A6876 /* ItemRowViewModel.swift in Sources */,
				3EE424EC255513F500C62833 /* Item-CoreDataHelpers.swift in Sources */,
				3E001A3927CC1B4A002DC980 /* SKProduct-LocalizedPrice.swift in Sources */,
				3E4A157226055794002B75AA /* ProjectsViewModel.swift in Sources */,
				3EE4B579283871400099AC5B /* ChatMessage.swift in Sources */,
				3EB4FD6C2559E58600B0D019 /* EditItemView.swift in Sources */,
			);
			runOnlyForDeploymentPostprocessing = 0;
		};
		3E4FB8E825B7AB3400A663A4 /* Sources */ = {
			isa = PBXSourcesBuildPhase;
			buildActionMask = 2147483647;
			files = (
				3E88677725DCE56A003A4828 /* PerformanceTests.swift in Sources */,
				3E4FB8F925B7AF3900A663A4 /* AssetTests.swift in Sources */,
				3EC967F825C6451800F1C7D7 /* AwardTests.swift in Sources */,
				3E4FB8EF25B7AB3400A663A4 /* UltimatePortfolioTests.swift in Sources */,
				3E4102B525CD1CF600D2C517 /* ExtensionTests.swift in Sources */,
				3EC967F425C60F4D00F1C7D7 /* ProjectTests.swift in Sources */,
				3E8D09F925C785EE00089FCC /* DevelopmentTests.swift in Sources */,
			);
			runOnlyForDeploymentPostprocessing = 0;
		};
		3E97959825F7150600DD03BF /* Sources */ = {
			isa = PBXSourcesBuildPhase;
			buildActionMask = 2147483647;
			files = (
				3E97959F25F7150600DD03BF /* UltimatePortfolioUITests.swift in Sources */,
			);
			runOnlyForDeploymentPostprocessing = 0;
		};
		3EE2AB2C27EEE83E0011D487 /* Sources */ = {
			isa = PBXSourcesBuildPhase;
			buildActionMask = 2147483647;
			files = (
				3EE2AB4227EEE9550011D487 /* Main.xcdatamodeld in Sources */,
				3EE2AB4D27EEF1E30011D487 /* DataController.swift in Sources */,
				3EE2AB3727EEE83E0011D487 /* SimplePortfolioWidget.swift in Sources */,
				3E59DD92280161600096CE70 /* SimpleWidget.swift in Sources */,
				3E59DD94280162D90096CE70 /* ComplexWidget.swift in Sources */,
				3E59DD90280161100096CE70 /* DataProvider.swift in Sources */,
				3E59DD8E2801526F0096CE70 /* Sequence-Sorting.swift in Sources */,
				3EE2AB5027EEF3790011D487 /* Item-CoreDataHelpers.swift in Sources */,
				3E59DD8D280152650096CE70 /* Project-CoreDataHelpers.swift in Sources */,
			);
			runOnlyForDeploymentPostprocessing = 0;
		};
/* End PBXSourcesBuildPhase section */

/* Begin PBXTargetDependency section */
		3E4FB8F225B7AB3400A663A4 /* PBXTargetDependency */ = {
			isa = PBXTargetDependency;
			target = 3E389BB62551F1B9009401EE /* UltimatePortfolio */;
			targetProxy = 3E4FB8F125B7AB3400A663A4 /* PBXContainerItemProxy */;
		};
		3E9795A225F7150600DD03BF /* PBXTargetDependency */ = {
			isa = PBXTargetDependency;
			target = 3E389BB62551F1B9009401EE /* UltimatePortfolio */;
			targetProxy = 3E9795A125F7150600DD03BF /* PBXContainerItemProxy */;
		};
		3EE2AB3C27EEE8400011D487 /* PBXTargetDependency */ = {
			isa = PBXTargetDependency;
			target = 3EE2AB2F27EEE83E0011D487 /* PortfolioWidgetExtension */;
			targetProxy = 3EE2AB3B27EEE8400011D487 /* PBXContainerItemProxy */;
		};
/* End PBXTargetDependency section */

/* Begin PBXVariantGroup section */
		3E966A7125783DFD001478CF /* Localizable.strings */ = {
			isa = PBXVariantGroup;
			children = (
				3E966A7025783DFD001478CF /* en */,
				3E966A7225783E2C001478CF /* hu */,
			);
			name = Localizable.strings;
			sourceTree = "<group>";
		};
		3E966A7525783F05001478CF /* Localizable.stringsdict */ = {
			isa = PBXVariantGroup;
			children = (
				3E966A7425783F05001478CF /* en */,
				3E966A7725783F09001478CF /* hu */,
			);
			name = Localizable.stringsdict;
			sourceTree = "<group>";
		};
		3E966A7B25783FFC001478CF /* Awards.json */ = {
			isa = PBXVariantGroup;
			children = (
				3E966A7A25783FFC001478CF /* en */,
				3E966A7D25784001001478CF /* hu */,
			);
			name = Awards.json;
			sourceTree = "<group>";
		};
/* End PBXVariantGroup section */

/* Begin XCBuildConfiguration section */
		3E389BC42551F1BB009401EE /* Debug */ = {
			isa = XCBuildConfiguration;
			buildSettings = {
				ALWAYS_SEARCH_USER_PATHS = NO;
				CLANG_ANALYZER_LOCALIZABILITY_NONLOCALIZED = YES;
				CLANG_ANALYZER_NONNULL = YES;
				CLANG_ANALYZER_NUMBER_OBJECT_CONVERSION = YES_AGGRESSIVE;
				CLANG_CXX_LANGUAGE_STANDARD = "gnu++14";
				CLANG_CXX_LIBRARY = "libc++";
				CLANG_ENABLE_MODULES = YES;
				CLANG_ENABLE_OBJC_ARC = YES;
				CLANG_ENABLE_OBJC_WEAK = YES;
				CLANG_WARN_BLOCK_CAPTURE_AUTORELEASING = YES;
				CLANG_WARN_BOOL_CONVERSION = YES;
				CLANG_WARN_COMMA = YES;
				CLANG_WARN_CONSTANT_CONVERSION = YES;
				CLANG_WARN_DEPRECATED_OBJC_IMPLEMENTATIONS = YES;
				CLANG_WARN_DIRECT_OBJC_ISA_USAGE = YES_ERROR;
				CLANG_WARN_DOCUMENTATION_COMMENTS = YES;
				CLANG_WARN_EMPTY_BODY = YES;
				CLANG_WARN_ENUM_CONVERSION = YES;
				CLANG_WARN_INFINITE_RECURSION = YES;
				CLANG_WARN_INT_CONVERSION = YES;
				CLANG_WARN_NON_LITERAL_NULL_CONVERSION = YES;
				CLANG_WARN_OBJC_IMPLICIT_RETAIN_SELF = YES;
				CLANG_WARN_OBJC_LITERAL_CONVERSION = YES;
				CLANG_WARN_OBJC_ROOT_CLASS = YES_ERROR;
				CLANG_WARN_QUOTED_INCLUDE_IN_FRAMEWORK_HEADER = YES;
				CLANG_WARN_RANGE_LOOP_ANALYSIS = YES;
				CLANG_WARN_STRICT_PROTOTYPES = YES;
				CLANG_WARN_SUSPICIOUS_MOVE = YES;
				CLANG_WARN_UNGUARDED_AVAILABILITY = YES_AGGRESSIVE;
				CLANG_WARN_UNREACHABLE_CODE = YES;
				CLANG_WARN__DUPLICATE_METHOD_MATCH = YES;
				COPY_PHASE_STRIP = NO;
				DEBUG_INFORMATION_FORMAT = dwarf;
				ENABLE_STRICT_OBJC_MSGSEND = YES;
				ENABLE_TESTABILITY = YES;
				GCC_C_LANGUAGE_STANDARD = gnu11;
				GCC_DYNAMIC_NO_PIC = NO;
				GCC_NO_COMMON_BLOCKS = YES;
				GCC_OPTIMIZATION_LEVEL = 0;
				GCC_PREPROCESSOR_DEFINITIONS = (
					"DEBUG=1",
					"$(inherited)",
				);
				GCC_WARN_64_TO_32_BIT_CONVERSION = YES;
				GCC_WARN_ABOUT_RETURN_TYPE = YES_ERROR;
				GCC_WARN_UNDECLARED_SELECTOR = YES;
				GCC_WARN_UNINITIALIZED_AUTOS = YES_AGGRESSIVE;
				GCC_WARN_UNUSED_FUNCTION = YES;
				GCC_WARN_UNUSED_VARIABLE = YES;
				IPHONEOS_DEPLOYMENT_TARGET = 15.2;
				MTL_ENABLE_DEBUG_INFO = INCLUDE_SOURCE;
				MTL_FAST_MATH = YES;
				ONLY_ACTIVE_ARCH = YES;
				SDKROOT = iphoneos;
				SWIFT_ACTIVE_COMPILATION_CONDITIONS = DEBUG;
				SWIFT_OPTIMIZATION_LEVEL = "-Onone";
			};
			name = Debug;
		};
		3E389BC52551F1BB009401EE /* Release */ = {
			isa = XCBuildConfiguration;
			buildSettings = {
				ALWAYS_SEARCH_USER_PATHS = NO;
				CLANG_ANALYZER_LOCALIZABILITY_NONLOCALIZED = YES;
				CLANG_ANALYZER_NONNULL = YES;
				CLANG_ANALYZER_NUMBER_OBJECT_CONVERSION = YES_AGGRESSIVE;
				CLANG_CXX_LANGUAGE_STANDARD = "gnu++14";
				CLANG_CXX_LIBRARY = "libc++";
				CLANG_ENABLE_MODULES = YES;
				CLANG_ENABLE_OBJC_ARC = YES;
				CLANG_ENABLE_OBJC_WEAK = YES;
				CLANG_WARN_BLOCK_CAPTURE_AUTORELEASING = YES;
				CLANG_WARN_BOOL_CONVERSION = YES;
				CLANG_WARN_COMMA = YES;
				CLANG_WARN_CONSTANT_CONVERSION = YES;
				CLANG_WARN_DEPRECATED_OBJC_IMPLEMENTATIONS = YES;
				CLANG_WARN_DIRECT_OBJC_ISA_USAGE = YES_ERROR;
				CLANG_WARN_DOCUMENTATION_COMMENTS = YES;
				CLANG_WARN_EMPTY_BODY = YES;
				CLANG_WARN_ENUM_CONVERSION = YES;
				CLANG_WARN_INFINITE_RECURSION = YES;
				CLANG_WARN_INT_CONVERSION = YES;
				CLANG_WARN_NON_LITERAL_NULL_CONVERSION = YES;
				CLANG_WARN_OBJC_IMPLICIT_RETAIN_SELF = YES;
				CLANG_WARN_OBJC_LITERAL_CONVERSION = YES;
				CLANG_WARN_OBJC_ROOT_CLASS = YES_ERROR;
				CLANG_WARN_QUOTED_INCLUDE_IN_FRAMEWORK_HEADER = YES;
				CLANG_WARN_RANGE_LOOP_ANALYSIS = YES;
				CLANG_WARN_STRICT_PROTOTYPES = YES;
				CLANG_WARN_SUSPICIOUS_MOVE = YES;
				CLANG_WARN_UNGUARDED_AVAILABILITY = YES_AGGRESSIVE;
				CLANG_WARN_UNREACHABLE_CODE = YES;
				CLANG_WARN__DUPLICATE_METHOD_MATCH = YES;
				COPY_PHASE_STRIP = NO;
				DEBUG_INFORMATION_FORMAT = "dwarf-with-dsym";
				ENABLE_NS_ASSERTIONS = NO;
				ENABLE_STRICT_OBJC_MSGSEND = YES;
				GCC_C_LANGUAGE_STANDARD = gnu11;
				GCC_NO_COMMON_BLOCKS = YES;
				GCC_WARN_64_TO_32_BIT_CONVERSION = YES;
				GCC_WARN_ABOUT_RETURN_TYPE = YES_ERROR;
				GCC_WARN_UNDECLARED_SELECTOR = YES;
				GCC_WARN_UNINITIALIZED_AUTOS = YES_AGGRESSIVE;
				GCC_WARN_UNUSED_FUNCTION = YES;
				GCC_WARN_UNUSED_VARIABLE = YES;
				IPHONEOS_DEPLOYMENT_TARGET = 15.2;
				MTL_ENABLE_DEBUG_INFO = NO;
				MTL_FAST_MATH = YES;
				SDKROOT = iphoneos;
				SWIFT_COMPILATION_MODE = wholemodule;
				SWIFT_OPTIMIZATION_LEVEL = "-O";
				VALIDATE_PRODUCT = YES;
			};
			name = Release;
		};
		3E389BC72551F1BB009401EE /* Debug */ = {
			isa = XCBuildConfiguration;
			buildSettings = {
				ALWAYS_EMBED_SWIFT_STANDARD_LIBRARIES = YES;
				ASSETCATALOG_COMPILER_APPICON_NAME = AppIcon;
				ASSETCATALOG_COMPILER_GLOBAL_ACCENT_COLOR_NAME = AccentColor;
				CODE_SIGN_ENTITLEMENTS = UltimatePortfolio/Configuration/UltimatePortfolio.entitlements;
				CODE_SIGN_STYLE = Automatic;
				DEVELOPMENT_ASSET_PATHS = "\"UltimatePortfolio/Preview Content\"";
				DEVELOPMENT_TEAM = EDSAY3S5YY;
				ENABLE_PREVIEWS = YES;
				INFOPLIST_FILE = UltimatePortfolio/Configuration/Info.plist;
				IPHONEOS_DEPLOYMENT_TARGET = 15.2;
				LD_RUNPATH_SEARCH_PATHS = (
					"$(inherited)",
					"@executable_path/Frameworks",
				);
				PRODUCT_BUNDLE_IDENTIFIER = com.xercisepro.UltimatePortfolio;
				PRODUCT_NAME = "$(TARGET_NAME)";
				SWIFT_VERSION = 5.0;
				TARGETED_DEVICE_FAMILY = "1,2";
			};
			name = Debug;
		};
		3E389BC82551F1BB009401EE /* Release */ = {
			isa = XCBuildConfiguration;
			buildSettings = {
				ALWAYS_EMBED_SWIFT_STANDARD_LIBRARIES = YES;
				ASSETCATALOG_COMPILER_APPICON_NAME = AppIcon;
				ASSETCATALOG_COMPILER_GLOBAL_ACCENT_COLOR_NAME = AccentColor;
				CODE_SIGN_ENTITLEMENTS = UltimatePortfolio/Configuration/UltimatePortfolio.entitlements;
				CODE_SIGN_STYLE = Automatic;
				DEVELOPMENT_ASSET_PATHS = "\"UltimatePortfolio/Preview Content\"";
				DEVELOPMENT_TEAM = EDSAY3S5YY;
				ENABLE_PREVIEWS = YES;
				INFOPLIST_FILE = UltimatePortfolio/Configuration/Info.plist;
				IPHONEOS_DEPLOYMENT_TARGET = 15.2;
				LD_RUNPATH_SEARCH_PATHS = (
					"$(inherited)",
					"@executable_path/Frameworks",
				);
				PRODUCT_BUNDLE_IDENTIFIER = com.xercisepro.UltimatePortfolio;
				PRODUCT_NAME = "$(TARGET_NAME)";
				SWIFT_VERSION = 5.0;
				TARGETED_DEVICE_FAMILY = "1,2";
			};
			name = Release;
		};
		3E4FB8F325B7AB3400A663A4 /* Debug */ = {
			isa = XCBuildConfiguration;
			buildSettings = {
				BUNDLE_LOADER = "$(TEST_HOST)";
				CODE_SIGN_STYLE = Automatic;
				DEVELOPMENT_TEAM = EDSAY3S5YY;
				INFOPLIST_FILE = UltimatePortfolioTests/Info.plist;
				IPHONEOS_DEPLOYMENT_TARGET = 14.3;
				LD_RUNPATH_SEARCH_PATHS = (
					"$(inherited)",
					"@executable_path/Frameworks",
					"@loader_path/Frameworks",
				);
				PRODUCT_BUNDLE_IDENTIFIER = com.xercisepro.UltimatePortfolioTests;
				PRODUCT_NAME = "$(TARGET_NAME)";
				SWIFT_VERSION = 5.0;
				TARGETED_DEVICE_FAMILY = "1,2";
				TEST_HOST = "$(BUILT_PRODUCTS_DIR)/UltimatePortfolio.app/UltimatePortfolio";
			};
			name = Debug;
		};
		3E4FB8F425B7AB3400A663A4 /* Release */ = {
			isa = XCBuildConfiguration;
			buildSettings = {
				BUNDLE_LOADER = "$(TEST_HOST)";
				CODE_SIGN_STYLE = Automatic;
				DEVELOPMENT_TEAM = EDSAY3S5YY;
				INFOPLIST_FILE = UltimatePortfolioTests/Info.plist;
				IPHONEOS_DEPLOYMENT_TARGET = 14.3;
				LD_RUNPATH_SEARCH_PATHS = (
					"$(inherited)",
					"@executable_path/Frameworks",
					"@loader_path/Frameworks",
				);
				PRODUCT_BUNDLE_IDENTIFIER = com.xercisepro.UltimatePortfolioTests;
				PRODUCT_NAME = "$(TARGET_NAME)";
				SWIFT_VERSION = 5.0;
				TARGETED_DEVICE_FAMILY = "1,2";
				TEST_HOST = "$(BUILT_PRODUCTS_DIR)/UltimatePortfolio.app/UltimatePortfolio";
			};
			name = Release;
		};
		3E9795A325F7150600DD03BF /* Debug */ = {
			isa = XCBuildConfiguration;
			buildSettings = {
				CODE_SIGN_STYLE = Automatic;
				DEVELOPMENT_TEAM = EDSAY3S5YY;
				INFOPLIST_FILE = UltimatePortfolioUITests/Info.plist;
				IPHONEOS_DEPLOYMENT_TARGET = 14.4;
				LD_RUNPATH_SEARCH_PATHS = (
					"$(inherited)",
					"@executable_path/Frameworks",
					"@loader_path/Frameworks",
				);
				PRODUCT_BUNDLE_IDENTIFIER = com.xercisepro.UltimatePortfolioUITests;
				PRODUCT_NAME = "$(TARGET_NAME)";
				SWIFT_VERSION = 5.0;
				TARGETED_DEVICE_FAMILY = "1,2";
				TEST_TARGET_NAME = UltimatePortfolio;
			};
			name = Debug;
		};
		3E9795A425F7150600DD03BF /* Release */ = {
			isa = XCBuildConfiguration;
			buildSettings = {
				CODE_SIGN_STYLE = Automatic;
				DEVELOPMENT_TEAM = EDSAY3S5YY;
				INFOPLIST_FILE = UltimatePortfolioUITests/Info.plist;
				IPHONEOS_DEPLOYMENT_TARGET = 14.4;
				LD_RUNPATH_SEARCH_PATHS = (
					"$(inherited)",
					"@executable_path/Frameworks",
					"@loader_path/Frameworks",
				);
				PRODUCT_BUNDLE_IDENTIFIER = com.xercisepro.UltimatePortfolioUITests;
				PRODUCT_NAME = "$(TARGET_NAME)";
				SWIFT_VERSION = 5.0;
				TARGETED_DEVICE_FAMILY = "1,2";
				TEST_TARGET_NAME = UltimatePortfolio;
			};
			name = Release;
		};
		3EE2AB3F27EEE8400011D487 /* Debug */ = {
			isa = XCBuildConfiguration;
			buildSettings = {
				ASSETCATALOG_COMPILER_GLOBAL_ACCENT_COLOR_NAME = AccentColor;
				ASSETCATALOG_COMPILER_WIDGET_BACKGROUND_COLOR_NAME = WidgetBackground;
				CLANG_CXX_LANGUAGE_STANDARD = "gnu++17";
				CODE_SIGN_ENTITLEMENTS = PortfolioWidgetExtension.entitlements;
				CODE_SIGN_STYLE = Automatic;
				CURRENT_PROJECT_VERSION = 1;
				DEVELOPMENT_TEAM = EDSAY3S5YY;
				GENERATE_INFOPLIST_FILE = YES;
				INFOPLIST_FILE = PortfolioWidget/Info.plist;
				INFOPLIST_KEY_CFBundleDisplayName = PortfolioWidget;
				INFOPLIST_KEY_NSHumanReadableCopyright = "";
				IPHONEOS_DEPLOYMENT_TARGET = 15.2;
				LD_RUNPATH_SEARCH_PATHS = (
					"$(inherited)",
					"@executable_path/Frameworks",
					"@executable_path/../../Frameworks",
				);
				MARKETING_VERSION = 1.0;
				PRODUCT_BUNDLE_IDENTIFIER = com.xercisepro.UltimatePortfolio.PortfolioWidget;
				PRODUCT_NAME = "$(TARGET_NAME)";
				SKIP_INSTALL = YES;
				SWIFT_EMIT_LOC_STRINGS = YES;
				SWIFT_VERSION = 5.0;
				TARGETED_DEVICE_FAMILY = "1,2";
			};
			name = Debug;
		};
		3EE2AB4027EEE8400011D487 /* Release */ = {
			isa = XCBuildConfiguration;
			buildSettings = {
				ASSETCATALOG_COMPILER_GLOBAL_ACCENT_COLOR_NAME = AccentColor;
				ASSETCATALOG_COMPILER_WIDGET_BACKGROUND_COLOR_NAME = WidgetBackground;
				CLANG_CXX_LANGUAGE_STANDARD = "gnu++17";
				CODE_SIGN_ENTITLEMENTS = PortfolioWidgetExtension.entitlements;
				CODE_SIGN_STYLE = Automatic;
				CURRENT_PROJECT_VERSION = 1;
				DEVELOPMENT_TEAM = EDSAY3S5YY;
				GENERATE_INFOPLIST_FILE = YES;
				INFOPLIST_FILE = PortfolioWidget/Info.plist;
				INFOPLIST_KEY_CFBundleDisplayName = PortfolioWidget;
				INFOPLIST_KEY_NSHumanReadableCopyright = "";
				IPHONEOS_DEPLOYMENT_TARGET = 15.2;
				LD_RUNPATH_SEARCH_PATHS = (
					"$(inherited)",
					"@executable_path/Frameworks",
					"@executable_path/../../Frameworks",
				);
				MARKETING_VERSION = 1.0;
				PRODUCT_BUNDLE_IDENTIFIER = com.xercisepro.UltimatePortfolio.PortfolioWidget;
				PRODUCT_NAME = "$(TARGET_NAME)";
				SKIP_INSTALL = YES;
				SWIFT_EMIT_LOC_STRINGS = YES;
				SWIFT_VERSION = 5.0;
				TARGETED_DEVICE_FAMILY = "1,2";
			};
			name = Release;
		};
/* End XCBuildConfiguration section */

/* Begin XCConfigurationList section */
		3E389BB22551F1B9009401EE /* Build configuration list for PBXProject "UltimatePortfolio" */ = {
			isa = XCConfigurationList;
			buildConfigurations = (
				3E389BC42551F1BB009401EE /* Debug */,
				3E389BC52551F1BB009401EE /* Release */,
			);
			defaultConfigurationIsVisible = 0;
			defaultConfigurationName = Release;
		};
		3E389BC62551F1BB009401EE /* Build configuration list for PBXNativeTarget "UltimatePortfolio" */ = {
			isa = XCConfigurationList;
			buildConfigurations = (
				3E389BC72551F1BB009401EE /* Debug */,
				3E389BC82551F1BB009401EE /* Release */,
			);
			defaultConfigurationIsVisible = 0;
			defaultConfigurationName = Release;
		};
		3E4FB8F525B7AB3400A663A4 /* Build configuration list for PBXNativeTarget "UltimatePortfolioTests" */ = {
			isa = XCConfigurationList;
			buildConfigurations = (
				3E4FB8F325B7AB3400A663A4 /* Debug */,
				3E4FB8F425B7AB3400A663A4 /* Release */,
			);
			defaultConfigurationIsVisible = 0;
			defaultConfigurationName = Release;
		};
		3E9795A525F7150600DD03BF /* Build configuration list for PBXNativeTarget "UltimatePortfolioUITests" */ = {
			isa = XCConfigurationList;
			buildConfigurations = (
				3E9795A325F7150600DD03BF /* Debug */,
				3E9795A425F7150600DD03BF /* Release */,
			);
			defaultConfigurationIsVisible = 0;
			defaultConfigurationName = Release;
		};
		3EE2AB4127EEE8400011D487 /* Build configuration list for PBXNativeTarget "PortfolioWidgetExtension" */ = {
			isa = XCConfigurationList;
			buildConfigurations = (
				3EE2AB3F27EEE8400011D487 /* Debug */,
				3EE2AB4027EEE8400011D487 /* Release */,
			);
			defaultConfigurationIsVisible = 0;
			defaultConfigurationName = Release;
		};
/* End XCConfigurationList section */

/* Begin XCVersionGroup section */
		3E389BCA2551F914009401EE /* Main.xcdatamodeld */ = {
			isa = XCVersionGroup;
			children = (
				3E389BCB2551F914009401EE /* Main.xcdatamodel */,
			);
			currentVersion = 3E389BCB2551F914009401EE /* Main.xcdatamodel */;
			path = Main.xcdatamodeld;
			sourceTree = "<group>";
			versionGroupType = wrapper.xcdatamodel;
		};
/* End XCVersionGroup section */
	};
	rootObject = 3E389BAF2551F1B9009401EE /* Project object */;
}
